# This file is autogenerated, do not edit; changes may be undone by the next 'dep ensure'.


[[projects]]
  name = "github.com/antonholmquist/jason"
  packages = ["."]
  revision = "c23cef7eaa75a6a5b8810120e167bd590d8fd2ab"
  version = "v1.0.0"

[[projects]]
  name = "github.com/dgrijalva/jwt-go"
  packages = ["."]
  revision = "06ea1031745cb8b3dab3f6a236daf2b0aa468b7e"
  version = "v3.2.0"

[[projects]]
  name = "github.com/go-chi/chi"
  packages = [
    ".",
    "middleware"
  ]
  revision = "e83ac2304db3c50cf03d96a2fcd39009d458bc35"
  version = "v3.3.2"

[[projects]]
  name = "github.com/go-chi/cors"
  packages = ["."]
  revision = "dba6525398619dead495962a916728e7ee2ca322"
  version = "v1.0.0"

[[projects]]
  name = "github.com/gobuffalo/packr"
  packages = ["."]
  revision = "7f4074995d431987caaa35088199f13c44b24440"
  version = "v1.11.0"

[[projects]]
  branch = "master"
  name = "github.com/gocarina/gocsv"
  packages = ["."]
  revision = "a5c9099e2484f1551abb9433885e158610a25f4b"

[[projects]]
  branch = "master"
  name = "github.com/jmoiron/sqlx"
  packages = [
    ".",
    "reflectx",
    "types"
  ]
  revision = "2aeb6a910c2b94f2d5eb53d9895d80e27264ec41"

[[projects]]
  branch = "master"
  name = "github.com/lib/pq"
  packages = [
    ".",
    "oid"
  ]
  revision = "d34b9ff171c21ad295489235aec8b6626023cd04"

[[projects]]
  branch = "master"
  name = "github.com/manveru/faker"
  packages = ["."]
  revision = "9fbc68a78c4dbc7914e1a23f88f126bea4383b97"

[[projects]]
  name = "github.com/nleof/goyesql"
  packages = ["."]
  revision = "736fe14cafb0b195a659821fb90ecfa9226441b5"
  version = "v1.0.1"

[[projects]]
  name = "github.com/pkg/errors"
  packages = ["."]
  revision = "645ef00459ed84a119197bfb8d8205042c6df63d"
  version = "v0.8.0"

[[projects]]
  name = "github.com/satori/go.uuid"
  packages = ["."]
  revision = "f58768cc1a7a7e77a3bd49e98cdd21419399b6a3"
  version = "v1.2.0"

[[projects]]
  branch = "master"
  name = "golang.org/x/crypto"
  packages = [
    "bcrypt",
    "blowfish"
  ]
  revision = "21052ae46654ecf18dfdba0f7c12701a1e2b3164"

[solve-meta]
  analyzer-name = "dep"
  analyzer-version = 1
  inputs-digest = "a95005aa4680e7267fc6550be6946a77b0e84bbc302e11b653cbedabe6b4f0d9"
  solver-name = "gps-cdcl"
  solver-version = 1
